.
| del(.shapes."aws.api#ArnNamespace")
| del(.shapes."aws.api#CloudFormationName")
| del(.shapes."aws.api#CloudWatchMetricNamespace")
| del(.shapes."aws.api#ResourceDelimiter")
| del(.shapes."aws.api#ServiceTagOperationReference")
| del(.shapes."aws.api#TaggableApiConfig")
| del(.shapes."aws.api#TagOperationReference")
| del(.shapes."aws.api#TaggableServiceApiConfig")
| del(.shapes."aws.api#arn")
| del(.shapes."aws.api#arnReference")
| del(.shapes."aws.api#awsChunked")
